<?xml version="1.0" encoding="UTF-8"?>
<!DOCTYPE plist PUBLIC "-//Apple//DTD PLIST 1.0//EN" "http://www.apple.com/DTDs/PropertyList-1.0.dtd">
<plist version="1.0">
<dict>
	<key>archiveVersion</key>
	<string>1</string>
	<key>classes</key>
	<dict/>
	<key>objectVersion</key>
	<string>46</string>
	<key>objects</key>
	<dict>
		<key>22A0C51F80BC08B279E64E78</key>
		<dict>
			<key>includeInIndex</key>
			<string>1</string>
			<key>isa</key>
			<string>PBXFileReference</string>
			<key>lastKnownFileType</key>
			<string>text.xcconfig</string>
			<key>name</key>
			<string>Pods.debug.xcconfig</string>
			<key>path</key>
			<string>Pods/Target Support Files/Pods/Pods.debug.xcconfig</string>
			<key>sourceTree</key>
			<string>&lt;group&gt;</string>
		</dict>
		<key>2EB96EBAFF054B3D87DCD202</key>
		<dict>
			<key>buildActionMask</key>
			<string>2147483647</string>
			<key>files</key>
			<array/>
			<key>inputPaths</key>
			<array/>
			<key>isa</key>
			<string>PBXShellScriptBuildPhase</string>
			<key>name</key>
			<string>Copy Pods Resources</string>
			<key>outputPaths</key>
			<array/>
			<key>runOnlyForDeploymentPostprocessing</key>
			<string>0</string>
			<key>shellPath</key>
			<string>/bin/sh</string>
			<key>shellScript</key>
			<string>"${SRCROOT}/Pods/Target Support Files/Pods/Pods-resources.sh"
</string>
			<key>showEnvVarsInLog</key>
			<string>0</string>
		</dict>
		<key>50256C2DBF46E09557E5A3C4</key>
		<dict>
			<key>includeInIndex</key>
			<string>1</string>
			<key>isa</key>
			<string>PBXFileReference</string>
			<key>lastKnownFileType</key>
			<string>text.xcconfig</string>
			<key>name</key>
			<string>Pods.release.xcconfig</string>
			<key>path</key>
			<string>Pods/Target Support Files/Pods/Pods.release.xcconfig</string>
			<key>sourceTree</key>
			<string>&lt;group&gt;</string>
		</dict>
		<key>AB931C51F2904B9DB9C8D5D4</key>
		<dict>
			<key>explicitFileType</key>
			<string>archive.ar</string>
			<key>includeInIndex</key>
			<string>0</string>
			<key>isa</key>
			<string>PBXFileReference</string>
			<key>path</key>
			<string>libPods.a</string>
			<key>sourceTree</key>
			<string>BUILT_PRODUCTS_DIR</string>
		</dict>
		<key>C252AB3C7E6944848065E9E3</key>
		<dict>
			<key>fileRef</key>
			<string>AB931C51F2904B9DB9C8D5D4</string>
			<key>isa</key>
			<string>PBXBuildFile</string>
		</dict>
		<key>D37601D0F6742D463340DF2D</key>
		<dict>
			<key>children</key>
			<array>
				<string>22A0C51F80BC08B279E64E78</string>
				<string>50256C2DBF46E09557E5A3C4</string>
			</array>
			<key>isa</key>
			<string>PBXGroup</string>
			<key>name</key>
			<string>Pods</string>
			<key>sourceTree</key>
			<string>&lt;group&gt;</string>
		</dict>
		<key>D3F7EFDC51654A9C9EAC3917</key>
		<dict>
			<key>buildActionMask</key>
			<string>2147483647</string>
			<key>files</key>
			<array/>
			<key>inputPaths</key>
			<array/>
			<key>isa</key>
			<string>PBXShellScriptBuildPhase</string>
			<key>name</key>
			<string>Check Pods Manifest.lock</string>
			<key>outputPaths</key>
			<array/>
			<key>runOnlyForDeploymentPostprocessing</key>
			<string>0</string>
			<key>shellPath</key>
			<string>/bin/sh</string>
			<key>shellScript</key>
			<string>diff "${PODS_ROOT}/../Podfile.lock" "${PODS_ROOT}/Manifest.lock" &gt; /dev/null
if [[ $? != 0 ]] ; then
    cat &lt;&lt; EOM
error: The sandbox is not in sync with the Podfile.lock. Run 'pod install' or update your CocoaPods installation.
EOM
    exit 1
fi
</string>
			<key>showEnvVarsInLog</key>
			<string>0</string>
		</dict>
		<key>F42B5BA71978DD0000D6F4B5</key>
		<dict>
			<key>fileEncoding</key>
			<string>4</string>
			<key>isa</key>
			<string>PBXFileReference</string>
			<key>lastKnownFileType</key>
			<string>sourcecode.c.h</string>
			<key>name</key>
			<string>BFPaperTableViewCell.h</string>
			<key>path</key>
			<string>../Classes/BFPaperTableViewCell.h</string>
			<key>sourceTree</key>
			<string>&lt;group&gt;</string>
		</dict>
		<key>F42B5BA81978DD0000D6F4B5</key>
		<dict>
			<key>fileEncoding</key>
			<string>4</string>
			<key>isa</key>
			<string>PBXFileReference</string>
			<key>lastKnownFileType</key>
			<string>sourcecode.c.objc</string>
			<key>name</key>
			<string>BFPaperTableViewCell.m</string>
			<key>path</key>
			<string>../Classes/BFPaperTableViewCell.m</string>
			<key>sourceTree</key>
			<string>&lt;group&gt;</string>
		</dict>
		<key>F42B5BA91978DD0000D6F4B5</key>
		<dict>
			<key>fileRef</key>
			<string>F42B5BA81978DD0000D6F4B5</string>
			<key>isa</key>
			<string>PBXBuildFile</string>
		</dict>
		<key>F48E73A11977B45700982A46</key>
		<dict>
			<key>children</key>
			<array>
				<string>F48E73E21977BAF000982A46</string>
				<string>F48E73B31977B45700982A46</string>
				<string>F48E73D21977B45700982A46</string>
				<string>F48E73AC1977B45700982A46</string>
				<string>F48E73AB1977B45700982A46</string>
				<string>D37601D0F6742D463340DF2D</string>
			</array>
			<key>isa</key>
			<string>PBXGroup</string>
			<key>sourceTree</key>
			<string>&lt;group&gt;</string>
		</dict>
		<key>F48E73A21977B45700982A46</key>
		<dict>
			<key>attributes</key>
			<dict>
				<key>CLASSPREFIX</key>
				<string>BFPaper</string>
				<key>LastUpgradeCheck</key>
				<string>0510</string>
				<key>ORGANIZATIONNAME</key>
				<string>Bence Feher</string>
				<key>TargetAttributes</key>
				<dict>
					<key>F48E73CA1977B45700982A46</key>
					<dict>
						<key>TestTargetID</key>
						<string>F48E73A91977B45700982A46</string>
					</dict>
				</dict>
			</dict>
			<key>buildConfigurationList</key>
			<string>F48E73A51977B45700982A46</string>
			<key>compatibilityVersion</key>
			<string>Xcode 3.2</string>
			<key>developmentRegion</key>
			<string>English</string>
			<key>hasScannedForEncodings</key>
			<string>0</string>
			<key>isa</key>
			<string>PBXProject</string>
			<key>knownRegions</key>
			<array>
				<string>en</string>
				<string>Base</string>
			</array>
			<key>mainGroup</key>
			<string>F48E73A11977B45700982A46</string>
			<key>productRefGroup</key>
			<string>F48E73AB1977B45700982A46</string>
			<key>projectDirPath</key>
			<string></string>
			<key>projectReferences</key>
			<array/>
			<key>projectRoot</key>
			<string></string>
			<key>targets</key>
			<array>
				<string>F48E73A91977B45700982A46</string>
				<string>F48E73CA1977B45700982A46</string>
			</array>
		</dict>
		<key>F48E73A51977B45700982A46</key>
		<dict>
			<key>buildConfigurations</key>
			<array>
				<string>F48E73DA1977B45700982A46</string>
				<string>F48E73DB1977B45700982A46</string>
			</array>
			<key>defaultConfigurationIsVisible</key>
			<string>0</string>
			<key>defaultConfigurationName</key>
			<string>Release</string>
			<key>isa</key>
			<string>XCConfigurationList</string>
		</dict>
		<key>F48E73A61977B45700982A46</key>
		<dict>
			<key>buildActionMask</key>
			<string>2147483647</string>
			<key>files</key>
			<array>
				<string>F42B5BA91978DD0000D6F4B5</string>
				<string>F48E73C41977B45700982A46</string>
				<string>F48E73BA1977B45700982A46</string>
				<string>F48E73BE1977B45700982A46</string>
			</array>
			<key>isa</key>
			<string>PBXSourcesBuildPhase</string>
			<key>runOnlyForDeploymentPostprocessing</key>
			<string>0</string>
		</dict>
		<key>F48E73A71977B45700982A46</key>
		<dict>
			<key>buildActionMask</key>
			<string>2147483647</string>
			<key>files</key>
			<array>
				<string>F48E73B01977B45700982A46</string>
				<string>F48E73B21977B45700982A46</string>
				<string>F48E73AE1977B45700982A46</string>
				<string>C252AB3C7E6944848065E9E3</string>
			</array>
			<key>isa</key>
			<string>PBXFrameworksBuildPhase</string>
			<key>runOnlyForDeploymentPostprocessing</key>
			<string>0</string>
		</dict>
		<key>F48E73A81977B45700982A46</key>
		<dict>
			<key>buildActionMask</key>
			<string>2147483647</string>
			<key>files</key>
			<array>
				<string>F48E73C61977B45700982A46</string>
				<string>F48E73B81977B45700982A46</string>
				<string>F48E73C11977B45700982A46</string>
			</array>
			<key>isa</key>
			<string>PBXResourcesBuildPhase</string>
			<key>runOnlyForDeploymentPostprocessing</key>
			<string>0</string>
		</dict>
		<key>F48E73A91977B45700982A46</key>
		<dict>
			<key>buildConfigurationList</key>
			<string>F48E73DC1977B45700982A46</string>
			<key>buildPhases</key>
			<array>
				<string>D3F7EFDC51654A9C9EAC3917</string>
				<string>F48E73A61977B45700982A46</string>
				<string>F48E73A71977B45700982A46</string>
				<string>F48E73A81977B45700982A46</string>
				<string>2EB96EBAFF054B3D87DCD202</string>
			</array>
			<key>buildRules</key>
			<array/>
			<key>dependencies</key>
			<array/>
			<key>isa</key>
			<string>PBXNativeTarget</string>
			<key>name</key>
			<string>BFPaperTableViewCell</string>
			<key>productName</key>
			<string>BFPaperTableViewCell</string>
			<key>productReference</key>
			<string>F48E73AA1977B45700982A46</string>
			<key>productType</key>
			<string>com.apple.product-type.application</string>
		</dict>
		<key>F48E73AA1977B45700982A46</key>
		<dict>
			<key>explicitFileType</key>
			<string>wrapper.application</string>
			<key>includeInIndex</key>
			<string>0</string>
			<key>isa</key>
			<string>PBXFileReference</string>
			<key>path</key>
			<string>BFPaperTableViewCell.app</string>
			<key>sourceTree</key>
			<string>BUILT_PRODUCTS_DIR</string>
		</dict>
		<key>F48E73AB1977B45700982A46</key>
		<dict>
			<key>children</key>
			<array>
				<string>F48E73AA1977B45700982A46</string>
				<string>F48E73CB1977B45700982A46</string>
			</array>
			<key>isa</key>
			<string>PBXGroup</string>
			<key>name</key>
			<string>Products</string>
			<key>sourceTree</key>
			<string>&lt;group&gt;</string>
		</dict>
		<key>F48E73AC1977B45700982A46</key>
		<dict>
			<key>children</key>
			<array>
				<string>F48E73AD1977B45700982A46</string>
				<string>F48E73AF1977B45700982A46</string>
				<string>F48E73B11977B45700982A46</string>
				<string>F48E73CC1977B45700982A46</string>
				<string>AB931C51F2904B9DB9C8D5D4</string>
			</array>
			<key>isa</key>
			<string>PBXGroup</string>
			<key>name</key>
			<string>Frameworks</string>
			<key>sourceTree</key>
			<string>&lt;group&gt;</string>
		</dict>
		<key>F48E73AD1977B45700982A46</key>
		<dict>
			<key>isa</key>
			<string>PBXFileReference</string>
			<key>lastKnownFileType</key>
			<string>wrapper.framework</string>
			<key>name</key>
			<string>Foundation.framework</string>
			<key>path</key>
			<string>System/Library/Frameworks/Foundation.framework</string>
			<key>sourceTree</key>
			<string>SDKROOT</string>
		</dict>
		<key>F48E73AE1977B45700982A46</key>
		<dict>
			<key>fileRef</key>
			<string>F48E73AD1977B45700982A46</string>
			<key>isa</key>
			<string>PBXBuildFile</string>
		</dict>
		<key>F48E73AF1977B45700982A46</key>
		<dict>
			<key>isa</key>
			<string>PBXFileReference</string>
			<key>lastKnownFileType</key>
			<string>wrapper.framework</string>
			<key>name</key>
			<string>CoreGraphics.framework</string>
			<key>path</key>
			<string>System/Library/Frameworks/CoreGraphics.framework</string>
			<key>sourceTree</key>
			<string>SDKROOT</string>
		</dict>
		<key>F48E73B01977B45700982A46</key>
		<dict>
			<key>fileRef</key>
			<string>F48E73AF1977B45700982A46</string>
			<key>isa</key>
			<string>PBXBuildFile</string>
		</dict>
		<key>F48E73B11977B45700982A46</key>
		<dict>
			<key>isa</key>
			<string>PBXFileReference</string>
			<key>lastKnownFileType</key>
			<string>wrapper.framework</string>
			<key>name</key>
			<string>UIKit.framework</string>
			<key>path</key>
			<string>System/Library/Frameworks/UIKit.framework</string>
			<key>sourceTree</key>
			<string>SDKROOT</string>
		</dict>
		<key>F48E73B21977B45700982A46</key>
		<dict>
			<key>fileRef</key>
			<string>F48E73B11977B45700982A46</string>
			<key>isa</key>
			<string>PBXBuildFile</string>
		</dict>
		<key>F48E73B31977B45700982A46</key>
		<dict>
			<key>children</key>
			<array>
				<string>F48E73BC1977B45700982A46</string>
				<string>F48E73BD1977B45700982A46</string>
				<string>F48E73BF1977B45700982A46</string>
				<string>F48E73C21977B45700982A46</string>
				<string>F48E73C31977B45700982A46</string>
				<string>F48E73C51977B45700982A46</string>
				<string>F48E73B41977B45700982A46</string>
			</array>
			<key>isa</key>
			<string>PBXGroup</string>
			<key>path</key>
			<string>BFPaperTableViewCell</string>
			<key>sourceTree</key>
			<string>&lt;group&gt;</string>
		</dict>
		<key>F48E73B41977B45700982A46</key>
		<dict>
			<key>children</key>
			<array>
				<string>F48E73B51977B45700982A46</string>
				<string>F48E73B61977B45700982A46</string>
				<string>F48E73B91977B45700982A46</string>
				<string>F48E73BB1977B45700982A46</string>
			</array>
			<key>isa</key>
			<string>PBXGroup</string>
			<key>name</key>
			<string>Supporting Files</string>
			<key>sourceTree</key>
			<string>&lt;group&gt;</string>
		</dict>
		<key>F48E73B51977B45700982A46</key>
		<dict>
			<key>isa</key>
			<string>PBXFileReference</string>
			<key>lastKnownFileType</key>
			<string>text.plist.xml</string>
			<key>path</key>
			<string>BFPaperTableViewCell-Info.plist</string>
			<key>sourceTree</key>
			<string>&lt;group&gt;</string>
		</dict>
		<key>F48E73B61977B45700982A46</key>
		<dict>
			<key>children</key>
			<array>
				<string>F48E73B71977B45700982A46</string>
			</array>
			<key>isa</key>
			<string>PBXVariantGroup</string>
			<key>name</key>
			<string>InfoPlist.strings</string>
			<key>sourceTree</key>
			<string>&lt;group&gt;</string>
		</dict>
		<key>F48E73B71977B45700982A46</key>
		<dict>
			<key>isa</key>
			<string>PBXFileReference</string>
			<key>lastKnownFileType</key>
			<string>text.plist.strings</string>
			<key>name</key>
			<string>en</string>
			<key>path</key>
			<string>en.lproj/InfoPlist.strings</string>
			<key>sourceTree</key>
			<string>&lt;group&gt;</string>
		</dict>
		<key>F48E73B81977B45700982A46</key>
		<dict>
			<key>fileRef</key>
			<string>F48E73B61977B45700982A46</string>
			<key>isa</key>
			<string>PBXBuildFile</string>
		</dict>
		<key>F48E73B91977B45700982A46</key>
		<dict>
			<key>isa</key>
			<string>PBXFileReference</string>
			<key>lastKnownFileType</key>
			<string>sourcecode.c.objc</string>
			<key>path</key>
			<string>main.m</string>
			<key>sourceTree</key>
			<string>&lt;group&gt;</string>
		</dict>
		<key>F48E73BA1977B45700982A46</key>
		<dict>
			<key>fileRef</key>
			<string>F48E73B91977B45700982A46</string>
			<key>isa</key>
			<string>PBXBuildFile</string>
		</dict>
		<key>F48E73BB1977B45700982A46</key>
		<dict>
			<key>isa</key>
			<string>PBXFileReference</string>
			<key>lastKnownFileType</key>
			<string>sourcecode.c.h</string>
			<key>path</key>
			<string>BFPaperTableViewCell-Prefix.pch</string>
			<key>sourceTree</key>
			<string>&lt;group&gt;</string>
		</dict>
		<key>F48E73BC1977B45700982A46</key>
		<dict>
			<key>isa</key>
			<string>PBXFileReference</string>
			<key>lastKnownFileType</key>
			<string>sourcecode.c.h</string>
			<key>path</key>
			<string>BFPaperAppDelegate.h</string>
			<key>sourceTree</key>
			<string>&lt;group&gt;</string>
		</dict>
		<key>F48E73BD1977B45700982A46</key>
		<dict>
			<key>isa</key>
			<string>PBXFileReference</string>
			<key>lastKnownFileType</key>
			<string>sourcecode.c.objc</string>
			<key>path</key>
			<string>BFPaperAppDelegate.m</string>
			<key>sourceTree</key>
			<string>&lt;group&gt;</string>
		</dict>
		<key>F48E73BE1977B45700982A46</key>
		<dict>
			<key>fileRef</key>
			<string>F48E73BD1977B45700982A46</string>
			<key>isa</key>
			<string>PBXBuildFile</string>
		</dict>
		<key>F48E73BF1977B45700982A46</key>
		<dict>
			<key>children</key>
			<array>
				<string>F48E73C01977B45700982A46</string>
			</array>
			<key>isa</key>
			<string>PBXVariantGroup</string>
			<key>name</key>
			<string>Main.storyboard</string>
			<key>sourceTree</key>
			<string>&lt;group&gt;</string>
		</dict>
		<key>F48E73C01977B45700982A46</key>
		<dict>
			<key>isa</key>
			<string>PBXFileReference</string>
			<key>lastKnownFileType</key>
			<string>file.storyboard</string>
			<key>name</key>
			<string>Base</string>
			<key>path</key>
			<string>Base.lproj/Main.storyboard</string>
			<key>sourceTree</key>
			<string>&lt;group&gt;</string>
		</dict>
		<key>F48E73C11977B45700982A46</key>
		<dict>
			<key>fileRef</key>
			<string>F48E73BF1977B45700982A46</string>
			<key>isa</key>
			<string>PBXBuildFile</string>
		</dict>
		<key>F48E73C21977B45700982A46</key>
		<dict>
			<key>isa</key>
			<string>PBXFileReference</string>
			<key>lastKnownFileType</key>
			<string>sourcecode.c.h</string>
			<key>path</key>
			<string>BFPaperViewController.h</string>
			<key>sourceTree</key>
			<string>&lt;group&gt;</string>
		</dict>
		<key>F48E73C31977B45700982A46</key>
		<dict>
			<key>isa</key>
			<string>PBXFileReference</string>
			<key>lastKnownFileType</key>
			<string>sourcecode.c.objc</string>
			<key>path</key>
			<string>BFPaperViewController.m</string>
			<key>sourceTree</key>
			<string>&lt;group&gt;</string>
		</dict>
		<key>F48E73C41977B45700982A46</key>
		<dict>
			<key>fileRef</key>
			<string>F48E73C31977B45700982A46</string>
			<key>isa</key>
			<string>PBXBuildFile</string>
		</dict>
		<key>F48E73C51977B45700982A46</key>
		<dict>
			<key>isa</key>
			<string>PBXFileReference</string>
			<key>lastKnownFileType</key>
			<string>folder.assetcatalog</string>
			<key>path</key>
			<string>Images.xcassets</string>
			<key>sourceTree</key>
			<string>&lt;group&gt;</string>
		</dict>
		<key>F48E73C61977B45700982A46</key>
		<dict>
			<key>fileRef</key>
			<string>F48E73C51977B45700982A46</string>
			<key>isa</key>
			<string>PBXBuildFile</string>
		</dict>
		<key>F48E73C71977B45700982A46</key>
		<dict>
			<key>buildActionMask</key>
			<string>2147483647</string>
			<key>files</key>
			<array>
				<string>F48E73D91977B45700982A46</string>
			</array>
			<key>isa</key>
			<string>PBXSourcesBuildPhase</string>
			<key>runOnlyForDeploymentPostprocessing</key>
			<string>0</string>
		</dict>
		<key>F48E73C81977B45700982A46</key>
		<dict>
			<key>buildActionMask</key>
			<string>2147483647</string>
			<key>files</key>
			<array>
				<string>F48E73CD1977B45700982A46</string>
				<string>F48E73CF1977B45700982A46</string>
				<string>F48E73CE1977B45700982A46</string>
			</array>
			<key>isa</key>
			<string>PBXFrameworksBuildPhase</string>
			<key>runOnlyForDeploymentPostprocessing</key>
			<string>0</string>
		</dict>
		<key>F48E73C91977B45700982A46</key>
		<dict>
			<key>buildActionMask</key>
			<string>2147483647</string>
			<key>files</key>
			<array>
				<string>F48E73D71977B45700982A46</string>
			</array>
			<key>isa</key>
			<string>PBXResourcesBuildPhase</string>
			<key>runOnlyForDeploymentPostprocessing</key>
			<string>0</string>
		</dict>
		<key>F48E73CA1977B45700982A46</key>
		<dict>
			<key>buildConfigurationList</key>
			<string>F48E73DF1977B45700982A46</string>
			<key>buildPhases</key>
			<array>
				<string>F48E73C71977B45700982A46</string>
				<string>F48E73C81977B45700982A46</string>
				<string>F48E73C91977B45700982A46</string>
			</array>
			<key>buildRules</key>
			<array/>
			<key>dependencies</key>
			<array>
				<string>F48E73D11977B45700982A46</string>
			</array>
			<key>isa</key>
			<string>PBXNativeTarget</string>
			<key>name</key>
			<string>BFPaperTableViewCellTests</string>
			<key>productName</key>
			<string>BFPaperTableViewCellTests</string>
			<key>productReference</key>
			<string>F48E73CB1977B45700982A46</string>
			<key>productType</key>
			<string>com.apple.product-type.bundle.unit-test</string>
		</dict>
		<key>F48E73CB1977B45700982A46</key>
		<dict>
			<key>explicitFileType</key>
			<string>wrapper.cfbundle</string>
			<key>includeInIndex</key>
			<string>0</string>
			<key>isa</key>
			<string>PBXFileReference</string>
			<key>path</key>
			<string>BFPaperTableViewCellTests.xctest</string>
			<key>sourceTree</key>
			<string>BUILT_PRODUCTS_DIR</string>
		</dict>
		<key>F48E73CC1977B45700982A46</key>
		<dict>
			<key>isa</key>
			<string>PBXFileReference</string>
			<key>lastKnownFileType</key>
			<string>wrapper.framework</string>
			<key>name</key>
			<string>XCTest.framework</string>
			<key>path</key>
			<string>Library/Frameworks/XCTest.framework</string>
			<key>sourceTree</key>
			<string>DEVELOPER_DIR</string>
		</dict>
		<key>F48E73CD1977B45700982A46</key>
		<dict>
			<key>fileRef</key>
			<string>F48E73CC1977B45700982A46</string>
			<key>isa</key>
			<string>PBXBuildFile</string>
		</dict>
		<key>F48E73CE1977B45700982A46</key>
		<dict>
			<key>fileRef</key>
			<string>F48E73AD1977B45700982A46</string>
			<key>isa</key>
			<string>PBXBuildFile</string>
		</dict>
		<key>F48E73CF1977B45700982A46</key>
		<dict>
			<key>fileRef</key>
			<string>F48E73B11977B45700982A46</string>
			<key>isa</key>
			<string>PBXBuildFile</string>
		</dict>
		<key>F48E73D01977B45700982A46</key>
		<dict>
			<key>containerPortal</key>
			<string>F48E73A21977B45700982A46</string>
			<key>isa</key>
			<string>PBXContainerItemProxy</string>
			<key>proxyType</key>
			<string>1</string>
			<key>remoteGlobalIDString</key>
			<string>F48E73A91977B45700982A46</string>
			<key>remoteInfo</key>
			<string>BFPaperTableViewCell</string>
		</dict>
		<key>F48E73D11977B45700982A46</key>
		<dict>
			<key>isa</key>
			<string>PBXTargetDependency</string>
			<key>target</key>
			<string>F48E73A91977B45700982A46</string>
			<key>targetProxy</key>
			<string>F48E73D01977B45700982A46</string>
		</dict>
		<key>F48E73D21977B45700982A46</key>
		<dict>
			<key>children</key>
			<array>
				<string>F48E73D81977B45700982A46</string>
				<string>F48E73D31977B45700982A46</string>
			</array>
			<key>isa</key>
			<string>PBXGroup</string>
			<key>path</key>
			<string>BFPaperTableViewCellTests</string>
			<key>sourceTree</key>
			<string>&lt;group&gt;</string>
		</dict>
		<key>F48E73D31977B45700982A46</key>
		<dict>
			<key>children</key>
			<array>
				<string>F48E73D41977B45700982A46</string>
				<string>F48E73D51977B45700982A46</string>
			</array>
			<key>isa</key>
			<string>PBXGroup</string>
			<key>name</key>
			<string>Supporting Files</string>
			<key>sourceTree</key>
			<string>&lt;group&gt;</string>
		</dict>
		<key>F48E73D41977B45700982A46</key>
		<dict>
			<key>isa</key>
			<string>PBXFileReference</string>
			<key>lastKnownFileType</key>
			<string>text.plist.xml</string>
			<key>path</key>
			<string>BFPaperTableViewCellTests-Info.plist</string>
			<key>sourceTree</key>
			<string>&lt;group&gt;</string>
		</dict>
		<key>F48E73D51977B45700982A46</key>
		<dict>
			<key>children</key>
			<array>
				<string>F48E73D61977B45700982A46</string>
			</array>
			<key>isa</key>
			<string>PBXVariantGroup</string>
			<key>name</key>
			<string>InfoPlist.strings</string>
			<key>sourceTree</key>
			<string>&lt;group&gt;</string>
		</dict>
		<key>F48E73D61977B45700982A46</key>
		<dict>
			<key>isa</key>
			<string>PBXFileReference</string>
			<key>lastKnownFileType</key>
			<string>text.plist.strings</string>
			<key>name</key>
			<string>en</string>
			<key>path</key>
			<string>en.lproj/InfoPlist.strings</string>
			<key>sourceTree</key>
			<string>&lt;group&gt;</string>
		</dict>
		<key>F48E73D71977B45700982A46</key>
		<dict>
			<key>fileRef</key>
			<string>F48E73D51977B45700982A46</string>
			<key>isa</key>
			<string>PBXBuildFile</string>
		</dict>
		<key>F48E73D81977B45700982A46</key>
		<dict>
			<key>isa</key>
			<string>PBXFileReference</string>
			<key>lastKnownFileType</key>
			<string>sourcecode.c.objc</string>
			<key>path</key>
			<string>BFPaperTableViewCellTests.m</string>
			<key>sourceTree</key>
			<string>&lt;group&gt;</string>
		</dict>
		<key>F48E73D91977B45700982A46</key>
		<dict>
			<key>fileRef</key>
			<string>F48E73D81977B45700982A46</string>
			<key>isa</key>
			<string>PBXBuildFile</string>
		</dict>
		<key>F48E73DA1977B45700982A46</key>
		<dict>
			<key>buildSettings</key>
			<dict>
				<key>ALWAYS_SEARCH_USER_PATHS</key>
				<string>NO</string>
				<key>CLANG_CXX_LANGUAGE_STANDARD</key>
				<string>gnu++0x</string>
				<key>CLANG_CXX_LIBRARY</key>
				<string>libc++</string>
				<key>CLANG_ENABLE_MODULES</key>
				<string>YES</string>
				<key>CLANG_ENABLE_OBJC_ARC</key>
				<string>YES</string>
				<key>CLANG_WARN_BOOL_CONVERSION</key>
				<string>YES</string>
				<key>CLANG_WARN_CONSTANT_CONVERSION</key>
				<string>YES</string>
				<key>CLANG_WARN_DIRECT_OBJC_ISA_USAGE</key>
				<string>YES_ERROR</string>
				<key>CLANG_WARN_EMPTY_BODY</key>
				<string>YES</string>
				<key>CLANG_WARN_ENUM_CONVERSION</key>
				<string>YES</string>
				<key>CLANG_WARN_INT_CONVERSION</key>
				<string>YES</string>
				<key>CLANG_WARN_OBJC_ROOT_CLASS</key>
				<string>YES_ERROR</string>
				<key>CLANG_WARN__DUPLICATE_METHOD_MATCH</key>
				<string>YES</string>
				<key>CODE_SIGN_IDENTITY[sdk=iphoneos*]</key>
				<string>iPhone Developer</string>
				<key>COPY_PHASE_STRIP</key>
				<string>NO</string>
				<key>GCC_C_LANGUAGE_STANDARD</key>
				<string>gnu99</string>
				<key>GCC_DYNAMIC_NO_PIC</key>
				<string>NO</string>
				<key>GCC_OPTIMIZATION_LEVEL</key>
				<string>0</string>
				<key>GCC_PREPROCESSOR_DEFINITIONS</key>
				<array>
					<string>DEBUG=1</string>
					<string>$(inherited)</string>
				</array>
				<key>GCC_SYMBOLS_PRIVATE_EXTERN</key>
				<string>NO</string>
				<key>GCC_WARN_64_TO_32_BIT_CONVERSION</key>
				<string>YES</string>
				<key>GCC_WARN_ABOUT_RETURN_TYPE</key>
				<string>YES_ERROR</string>
				<key>GCC_WARN_UNDECLARED_SELECTOR</key>
				<string>YES</string>
				<key>GCC_WARN_UNINITIALIZED_AUTOS</key>
				<string>YES_AGGRESSIVE</string>
				<key>GCC_WARN_UNUSED_FUNCTION</key>
				<string>YES</string>
				<key>GCC_WARN_UNUSED_VARIABLE</key>
				<string>YES</string>
				<key>IPHONEOS_DEPLOYMENT_TARGET</key>
				<string>7.0</string>
				<key>ONLY_ACTIVE_ARCH</key>
				<string>YES</string>
				<key>SDKROOT</key>
				<string>iphoneos</string>
			</dict>
			<key>isa</key>
			<string>XCBuildConfiguration</string>
			<key>name</key>
			<string>Debug</string>
		</dict>
		<key>F48E73DB1977B45700982A46</key>
		<dict>
			<key>buildSettings</key>
			<dict>
				<key>ALWAYS_SEARCH_USER_PATHS</key>
				<string>NO</string>
				<key>CLANG_CXX_LANGUAGE_STANDARD</key>
				<string>gnu++0x</string>
				<key>CLANG_CXX_LIBRARY</key>
				<string>libc++</string>
				<key>CLANG_ENABLE_MODULES</key>
				<string>YES</string>
				<key>CLANG_ENABLE_OBJC_ARC</key>
				<string>YES</string>
				<key>CLANG_WARN_BOOL_CONVERSION</key>
				<string>YES</string>
				<key>CLANG_WARN_CONSTANT_CONVERSION</key>
				<string>YES</string>
				<key>CLANG_WARN_DIRECT_OBJC_ISA_USAGE</key>
				<string>YES_ERROR</string>
				<key>CLANG_WARN_EMPTY_BODY</key>
				<string>YES</string>
				<key>CLANG_WARN_ENUM_CONVERSION</key>
				<string>YES</string>
				<key>CLANG_WARN_INT_CONVERSION</key>
				<string>YES</string>
				<key>CLANG_WARN_OBJC_ROOT_CLASS</key>
				<string>YES_ERROR</string>
				<key>CLANG_WARN__DUPLICATE_METHOD_MATCH</key>
				<string>YES</string>
				<key>CODE_SIGN_IDENTITY[sdk=iphoneos*]</key>
				<string>iPhone Developer</string>
				<key>COPY_PHASE_STRIP</key>
				<string>YES</string>
				<key>ENABLE_NS_ASSERTIONS</key>
				<string>NO</string>
				<key>GCC_C_LANGUAGE_STANDARD</key>
				<string>gnu99</string>
				<key>GCC_WARN_64_TO_32_BIT_CONVERSION</key>
				<string>YES</string>
				<key>GCC_WARN_ABOUT_RETURN_TYPE</key>
				<string>YES_ERROR</string>
				<key>GCC_WARN_UNDECLARED_SELECTOR</key>
				<string>YES</string>
				<key>GCC_WARN_UNINITIALIZED_AUTOS</key>
				<string>YES_AGGRESSIVE</string>
				<key>GCC_WARN_UNUSED_FUNCTION</key>
				<string>YES</string>
				<key>GCC_WARN_UNUSED_VARIABLE</key>
				<string>YES</string>
				<key>IPHONEOS_DEPLOYMENT_TARGET</key>
				<string>7.0</string>
				<key>SDKROOT</key>
				<string>iphoneos</string>
				<key>VALIDATE_PRODUCT</key>
				<string>YES</string>
			</dict>
			<key>isa</key>
			<string>XCBuildConfiguration</string>
			<key>name</key>
			<string>Release</string>
		</dict>
		<key>F48E73DC1977B45700982A46</key>
		<dict>
			<key>buildConfigurations</key>
			<array>
				<string>F48E73DD1977B45700982A46</string>
				<string>F48E73DE1977B45700982A46</string>
			</array>
			<key>defaultConfigurationIsVisible</key>
			<string>0</string>
			<key>defaultConfigurationName</key>
			<string>Release</string>
			<key>isa</key>
			<string>XCConfigurationList</string>
		</dict>
		<key>F48E73DD1977B45700982A46</key>
		<dict>
			<key>baseConfigurationReference</key>
			<string>22A0C51F80BC08B279E64E78</string>
			<key>buildSettings</key>
			<dict>
				<key>ASSETCATALOG_COMPILER_APPICON_NAME</key>
				<string>AppIcon</string>
				<key>ASSETCATALOG_COMPILER_LAUNCHIMAGE_NAME</key>
				<string>LaunchImage</string>
				<key>GCC_PRECOMPILE_PREFIX_HEADER</key>
				<string>YES</string>
				<key>GCC_PREFIX_HEADER</key>
				<string>BFPaperTableViewCell/BFPaperTableViewCell-Prefix.pch</string>
				<key>INFOPLIST_FILE</key>
				<string>BFPaperTableViewCell/BFPaperTableViewCell-Info.plist</string>
				<key>IPHONEOS_DEPLOYMENT_TARGET</key>
				<string>7.0</string>
				<key>PRODUCT_NAME</key>
				<string>$(TARGET_NAME)</string>
				<key>WRAPPER_EXTENSION</key>
				<string>app</string>
			</dict>
			<key>isa</key>
			<string>XCBuildConfiguration</string>
			<key>name</key>
			<string>Debug</string>
		</dict>
		<key>F48E73DE1977B45700982A46</key>
		<dict>
			<key>baseConfigurationReference</key>
			<string>50256C2DBF46E09557E5A3C4</string>
			<key>buildSettings</key>
			<dict>
				<key>ASSETCATALOG_COMPILER_APPICON_NAME</key>
				<string>AppIcon</string>
				<key>ASSETCATALOG_COMPILER_LAUNCHIMAGE_NAME</key>
				<string>LaunchImage</string>
				<key>GCC_PRECOMPILE_PREFIX_HEADER</key>
				<string>YES</string>
				<key>GCC_PREFIX_HEADER</key>
				<string>BFPaperTableViewCell/BFPaperTableViewCell-Prefix.pch</string>
				<key>INFOPLIST_FILE</key>
				<string>BFPaperTableViewCell/BFPaperTableViewCell-Info.plist</string>
				<key>IPHONEOS_DEPLOYMENT_TARGET</key>
				<string>7.0</string>
				<key>PRODUCT_NAME</key>
				<string>$(TARGET_NAME)</string>
				<key>WRAPPER_EXTENSION</key>
				<string>app</string>
			</dict>
			<key>isa</key>
			<string>XCBuildConfiguration</string>
			<key>name</key>
			<string>Release</string>
		</dict>
		<key>F48E73DF1977B45700982A46</key>
		<dict>
			<key>buildConfigurations</key>
			<array>
				<string>F48E73E01977B45700982A46</string>
				<string>F48E73E11977B45700982A46</string>
			</array>
			<key>defaultConfigurationIsVisible</key>
			<string>0</string>
			<key>defaultConfigurationName</key>
			<string>Release</string>
			<key>isa</key>
			<string>XCConfigurationList</string>
		</dict>
		<key>F48E73E01977B45700982A46</key>
		<dict>
			<key>buildSettings</key>
			<dict>
				<key>BUNDLE_LOADER</key>
				<string>$(BUILT_PRODUCTS_DIR)/BFPaperTableViewCell.app/BFPaperTableViewCell</string>
				<key>FRAMEWORK_SEARCH_PATHS</key>
				<array>
					<string>$(SDKROOT)/Developer/Library/Frameworks</string>
					<string>$(inherited)</string>
					<string>$(DEVELOPER_FRAMEWORKS_DIR)</string>
				</array>
				<key>GCC_PRECOMPILE_PREFIX_HEADER</key>
				<string>YES</string>
				<key>GCC_PREFIX_HEADER</key>
				<string>BFPaperTableViewCell/BFPaperTableViewCell-Prefix.pch</string>
				<key>GCC_PREPROCESSOR_DEFINITIONS</key>
				<array>
					<string>DEBUG=1</string>
					<string>$(inherited)</string>
				</array>
				<key>INFOPLIST_FILE</key>
				<string>BFPaperTableViewCellTests/BFPaperTableViewCellTests-Info.plist</string>
				<key>PRODUCT_NAME</key>
				<string>$(TARGET_NAME)</string>
				<key>TEST_HOST</key>
				<string>$(BUNDLE_LOADER)</string>
				<key>WRAPPER_EXTENSION</key>
				<string>xctest</string>
			</dict>
			<key>isa</key>
			<string>XCBuildConfiguration</string>
			<key>name</key>
			<string>Debug</string>
		</dict>
		<key>F48E73E11977B45700982A46</key>
		<dict>
			<key>buildSettings</key>
			<dict>
				<key>BUNDLE_LOADER</key>
				<string>$(BUILT_PRODUCTS_DIR)/BFPaperTableViewCell.app/BFPaperTableViewCell</string>
				<key>FRAMEWORK_SEARCH_PATHS</key>
				<array>
					<string>$(SDKROOT)/Developer/Library/Frameworks</string>
					<string>$(inherited)</string>
					<string>$(DEVELOPER_FRAMEWORKS_DIR)</string>
				</array>
				<key>GCC_PRECOMPILE_PREFIX_HEADER</key>
				<string>YES</string>
				<key>GCC_PREFIX_HEADER</key>
				<string>BFPaperTableViewCell/BFPaperTableViewCell-Prefix.pch</string>
				<key>INFOPLIST_FILE</key>
				<string>BFPaperTableViewCellTests/BFPaperTableViewCellTests-Info.plist</string>
				<key>PRODUCT_NAME</key>
				<string>$(TARGET_NAME)</string>
				<key>TEST_HOST</key>
				<string>$(BUNDLE_LOADER)</string>
				<key>WRAPPER_EXTENSION</key>
				<string>xctest</string>
			</dict>
			<key>isa</key>
			<string>XCBuildConfiguration</string>
			<key>name</key>
			<string>Release</string>
		</dict>
		<key>F48E73E21977BAF000982A46</key>
		<dict>
			<key>children</key>
			<array>
				<string>F42B5BA71978DD0000D6F4B5</string>
				<string>F42B5BA81978DD0000D6F4B5</string>
			</array>
			<key>isa</key>
			<string>PBXGroup</string>
			<key>name</key>
			<string>Classes</string>
			<key>path</key>
			<string>BFPaperTableViewCell</string>
			<key>sourceTree</key>
			<string>&lt;group&gt;</string>
		</dict>
	</dict>
	<key>rootObject</key>
	<string>F48E73A21977B45700982A46</string>
</dict>
</plist>
